
Microsoft Visual Studio Solution File, Format Version 12.00
# Visual Studio Version 17
VisualStudioVersion = 17.14.36511.14 d17.14
MinimumVisualStudioVersion = 10.0.40219.1
Project("{FAE04EC0-301F-11D3-BF4B-00C04F79EFBC}") = "HeraldryBanners", "HeraldryBanners\HeraldryBanners.csproj", "{3118FC11-E946-4BB6-88AB-260A92DEA07B}"
EndProject
Project("{FAE04EC0-301F-11D3-BF4B-00C04F79EFBC}") = "CakeBuild", "ZZCakeBuild\CakeBuild.csproj", "{9A352BA9-D95A-4FC4-8986-F5E75DFCB30D}"
EndProject
Global
	GlobalSection(SolutionConfigurationPlatforms) = preSolution
		Debug|Any CPU = Debug|Any CPU
		Release|Any CPU = Release|Any CPU
	EndGlobalSection
	GlobalSection(ProjectConfigurationPlatforms) = postSolution
		{3118FC11-E946-4BB6-88AB-260A92DEA07B}.Debug|Any CPU.ActiveCfg = Debug|Any CPU
		{3118FC11-E946-4BB6-88AB-260A92DEA07B}.Debug|Any CPU.Build.0 = Debug|Any CPU
		{3118FC11-E946-4BB6-88AB-260A92DEA07B}.Release|Any CPU.ActiveCfg = Release|Any CPU
		{3118FC11-E946-4BB6-88AB-260A92DEA07B}.Release|Any CPU.Build.0 = Release|Any CPU
		{9A352BA9-D95A-4FC4-8986-F5E75DFCB30D}.Debug|Any CPU.ActiveCfg = Debug|Any CPU
		{9A352BA9-D95A-4FC4-8986-F5E75DFCB30D}.Debug|Any CPU.Build.0 = Debug|Any CPU
		{9A352BA9-D95A-4FC4-8986-F5E75DFCB30D}.Release|Any CPU.ActiveCfg = Release|Any CPU
		{9A352BA9-D95A-4FC4-8986-F5E75DFCB30D}.Release|Any CPU.Build.0 = Release|Any CPU
	EndGlobalSection
	GlobalSection(SolutionProperties) = preSolution
		HideSolutionNode = FALSE
	EndGlobalSection
	GlobalSection(ExtensibilityGlobals) = postSolution
		SolutionGuid = {034A45BB-AB27-4B4C-8461-0EA534476CED}
	EndGlobalSection
EndGlobal
